# THIS IS AN AUTOGENERATED FILE. DO NOT EDIT THIS FILE DIRECTLY.
# yarn lockfile v1


"@actions/core@3.0.0":
  version "3.0.0"
  resolved "https://registry.yarnpkg.com/@actions/core/-/core-3.0.0.tgz#89cb07c119e9b46a649ad5f355e77de9b3108cf8"
  integrity sha512-zYt6cz+ivnTmiT/ksRVriMBOiuoUpDCJJlZ5KPl2/FRdvwU3f7MPh9qftvbkXJThragzUZieit2nyHUyw53Seg==
  dependencies:
    "@actions/exec" "^3.0.0"
    "@actions/http-client" "^4.0.0"

"@actions/exec@3.0.0", "@actions/exec@^3.0.0":
  version "3.0.0"
  resolved "https://registry.yarnpkg.com/@actions/exec/-/exec-3.0.0.tgz#8c3464d20f0aa4068707757021d7e3c01a7ee203"
  integrity sha512-6xH/puSoNBXb72VPlZVm7vQ+svQpFyA96qdDBvhB8eNZOE8LtPf9L4oAsfzK/crCL8YZ+19fKYVnM63Sl+Xzlw==
  dependencies:
    "@actions/io" "^3.0.2"

"@actions/github@9.1.0":
  version "9.1.0"
  resolved "https://registry.yarnpkg.com/@actions/github/-/github-9.1.0.tgz#06f5b292eb207323d3f4381d30d3a12e3ba7e863"
  integrity sha512-u0hDGQeCS+7VNoLA8hYG65RLdPLMaPGfka0sZ0up7P0AiShqfX6xcuXNteGkQ7X7Tod7AMNwHd4p7DS63i8zzA==
  dependencies:
    "@actions/http-client" "^3.0.2"
    "@octokit/core" "^7.0.6"
    "@octokit/plugin-paginate-rest" "^14.0.0"
    "@octokit/plugin-rest-endpoint-methods" "^17.0.0"
    "@octokit/request" "^10.0.7"
    "@octokit/request-error" "^7.1.0"
    undici "^6.23.0"

"@actions/http-client@^3.0.2":
  version "3.0.2"
  resolved "https://registry.yarnpkg.com/@actions/http-client/-/http-client-3.0.2.tgz#3db9c83af9d29d51ac8c30b45bc17f7014beb1b2"
  integrity sha512-JP38FYYpyqvUsz+Igqlc/JG6YO9PaKuvqjM3iGvaLqFnJ7TFmcLyy2IDrY0bI0qCQug8E9K+elv5ZNfw62ZJzA==
  dependencies:
    tunnel "^0.0.6"
    undici "^6.23.0"

"@actions/http-client@^4.0.0":
  version "4.0.0"
  resolved "https://registry.yarnpkg.com/@actions/http-client/-/http-client-4.0.0.tgz#f9754133c22802466482bf96321d42f2dba1fc82"
  integrity sha512-QuwPsgVMsD6qaPD57GLZi9sqzAZCtiJT8kVBCDpLtxhL5MydQ4gS+DrejtZZPdIYyB1e95uCK9Luyds7ybHI3g==
  dependencies:
    tunnel "^0.0.6"
    undici "^6.23.0"

"@actions/io@^3.0.2":
  version "3.0.2"
  resolved "https://registry.yarnpkg.com/@actions/io/-/io-3.0.2.tgz#6f89b27a159d109836d983efa283997c23b92284"
  integrity sha512-nRBchcMM+QK1pdjO7/idu86rbJI5YHUKCvKs0KxnSYbVe3F51UfGxuZX4Qy/fWlp6l7gWFwIkrOzN+oUK03kfw==

"@biomejs/biome@2.4.12":
  version "2.4.12"
  resolved "https://registry.yarnpkg.com/@biomejs/biome/-/biome-2.4.12.tgz#f306554152dabf74b9ca0196af56b800e4d60de3"
  integrity sha512-Rro7adQl3NLq/zJCIL98eElXKI8eEiBtoeu5TbXF/U3qbjuSc7Jb5rjUbeHHcquDWeSf3HnGP7XI5qGrlRk/pA==
  optionalDependencies:
    "@biomejs/cli-darwin-arm64" "2.4.12"
    "@biomejs/cli-darwin-x64" "2.4.12"
    "@biomejs/cli-linux-arm64" "2.4.12"
    "@biomejs/cli-linux-arm64-musl" "2.4.12"
    "@biomejs/cli-linux-x64" "2.4.12"
    "@biomejs/cli-linux-x64-musl" "2.4.12"
    "@biomejs/cli-win32-arm64" "2.4.12"
    "@biomejs/cli-win32-x64" "2.4.12"

"@biomejs/cli-darwin-arm64@2.4.12":
  version "2.4.12"
  resolved "https://registry.yarnpkg.com/@biomejs/cli-darwin-arm64/-/cli-darwin-arm64-2.4.12.tgz#5a67a718bbf69e5736b01a68af92e6ca8a5bb2fa"
  integrity sha512-BnMU4Pc3ciEVteVpZ0BK33MLr7X57F5w1dwDLDn+/iy/yTrA4Q/N2yftidFtsA4vrDh0FMXDpacNV/Tl3fbmng==

"@biomejs/cli-darwin-x64@2.4.12":
  version "2.4.12"
  resolved "https://registry.yarnpkg.com/@biomejs/cli-darwin-x64/-/cli-darwin-x64-2.4.12.tgz#78363ac83afd026cc3743392ff9cefa4213d5724"
  integrity sha512-x9uJ0bI1rJsWICp3VH8w/5PnAVD3A7SqzDpbrfoUQX1QyWrK5jSU4fRLo/wSgGeplCivbxBRKmt5Xq4/nWvq8A==

"@biomejs/cli-linux-arm64-musl@2.4.12":
  version "2.4.12"
  resolved "https://registry.yarnpkg.com/@biomejs/cli-linux-arm64-musl/-/cli-linux-arm64-musl-2.4.12.tgz#1623cbf793d7e0aabcad10e5e58479d4ed2a47f3"
  integrity sha512-FhfpkAAlKL6kwvcVap0Hgp4AhZmtd3YImg0kK1jd7C/aSoh4SfsB2f++yG1rU0lr8Y5MCFJrcSkmssiL9Xnnig==

"@biomejs/cli-linux-arm64@2.4.12":
  version "2.4.12"
  resolved "https://registry.yarnpkg.com/@biomejs/cli-linux-arm64/-/cli-linux-arm64-2.4.12.tgz#dd392f5fdbc988e7dd3d3a31dfa7eb62efa1316e"
  integrity sha512-tOwuCuZZtKi1jVzbk/5nXmIsziOB6yqN8c9r9QM0EJYPU6DpQWf11uBOSCfFKKM4H3d9ZoarvlgMfbcuD051Pw==

"@biomejs/cli-linux-x64-musl@2.4.12":
  version "2.4.12"
  resolved "https://registry.yarnpkg.com/@biomejs/cli-linux-x64-musl/-/cli-linux-x64-musl-2.4.12.tgz#c7617a734e5e962958ac2eb769be91fffb400dd0"
  integrity sha512-dwTIgZrGutzhkQCuvHynCkyW6hJxUuyZqKKO0YNfaS2GUoRO+tOvxXZqZB6SkWAOdfZTzwaw8IEdUnIkHKHoew==

"@biomejs/cli-linux-x64@2.4.12":
  version "2.4.12"
  resolved "https://registry.yarnpkg.com/@biomejs/cli-linux-x64/-/cli-linux-x64-2.4.12.tgz#ab149c1b44e4e6ddddc35c7018d8b919440b39ed"
  integrity sha512-8pFeAnLU9QdW9jCIslB/v82bI0lhBmz2ZAKc8pVMFPO0t0wAHsoEkrUQUbMkIorTRIjbqyNZHA3lEXavsPWYSw==

"@biomejs/cli-win32-arm64@2.4.12":
  version "2.4.12"
  resolved "https://registry.yarnpkg.com/@biomejs/cli-win32-arm64/-/cli-win32-arm64-2.4.12.tgz#965b264b86546635965d02b240fb1a604ca3b2fb"
  integrity sha512-B0DLnx0vA9ya/3v7XyCaP+/lCpnbWbMOfUFFve+xb5OxyYvdHaS55YsSddr228Y+JAFk58agCuZTsqNiw2a6ig==

"@biomejs/cli-win32-x64@2.4.12":
  version "2.4.12"
  resolved "https://registry.yarnpkg.com/@biomejs/cli-win32-x64/-/cli-win32-x64-2.4.12.tgz#ec05df80b2d25d5a54651bacdc5187a800e4f7f3"
  integrity sha512-yMckRzTyZ83hkk8iDFWswqSdU8tvZxspJKnYNh7JZr/zhZNOlzH13k4ecboU6MurKExCe2HUkH75pGI/O2JwGA==

"@octokit/auth-token@^6.0.0":
  version "6.0.0"
  resolved "https://registry.yarnpkg.com/@octokit/auth-token/-/auth-token-6.0.0.tgz#b02e9c08a2d8937df09a2a981f226ad219174c53"
  integrity sha512-P4YJBPdPSpWTQ1NU4XYdvHvXJJDxM6YwpS0FZHRgP7YFkdVxsWcpWGy/NVqlAA7PcPCnMacXlRm1y2PFZRWL/w==

"@octokit/core@^7.0.6":
  version "7.0.6"
  resolved "https://registry.yarnpkg.com/@octokit/core/-/core-7.0.6.tgz#0d58704391c6b681dec1117240ea4d2a98ac3916"
  integrity sha512-DhGl4xMVFGVIyMwswXeyzdL4uXD5OGILGX5N8Y+f6W7LhC1Ze2poSNrkF/fedpVDHEEZ+PHFW0vL14I+mm8K3Q==
  dependencies:
    "@octokit/auth-token" "^6.0.0"
    "@octokit/graphql" "^9.0.3"
    "@octokit/request" "^10.0.6"
    "@octokit/request-error" "^7.0.2"
    "@octokit/types" "^16.0.0"
    before-after-hook "^4.0.0"
    universal-user-agent "^7.0.0"

"@octokit/endpoint@^11.0.2":
  version "11.0.2"
  resolved "https://registry.yarnpkg.com/@octokit/endpoint/-/endpoint-11.0.2.tgz#a8d955e053a244938b81d86cd73efd2dcb5ef5af"
  integrity sha512-4zCpzP1fWc7QlqunZ5bSEjxc6yLAlRTnDwKtgXfcI/FxxGoqedDG8V2+xJ60bV2kODqcGB+nATdtap/XYq2NZQ==
  dependencies:
    "@octokit/types" "^16.0.0"
    universal-user-agent "^7.0.2"

"@octokit/graphql@^9.0.3":
  version "9.0.3"
  resolved "https://registry.yarnpkg.com/@octokit/graphql/-/graphql-9.0.3.tgz#5b8341c225909e924b466705c13477face869456"
  integrity sha512-grAEuupr/C1rALFnXTv6ZQhFuL1D8G5y8CN04RgrO4FIPMrtm+mcZzFG7dcBm+nq+1ppNixu+Jd78aeJOYxlGA==
  dependencies:
    "@octokit/request" "^10.0.6"
    "@octokit/types" "^16.0.0"
    universal-user-agent "^7.0.0"

"@octokit/openapi-types@^27.0.0":
  version "27.0.0"
  resolved "https://registry.yarnpkg.com/@octokit/openapi-types/-/openapi-types-27.0.0.tgz#374ea53781965fd02a9d36cacb97e152cefff12d"
  integrity sha512-whrdktVs1h6gtR+09+QsNk2+FO+49j6ga1c55YZudfEG+oKJVvJLQi3zkOm5JjiUXAagWK2tI2kTGKJ2Ys7MGA==

"@octokit/plugin-paginate-rest@^14.0.0":
  version "14.0.0"
  resolved "https://registry.yarnpkg.com/@octokit/plugin-paginate-rest/-/plugin-paginate-rest-14.0.0.tgz#44dc9fff2dacb148d4c5c788b573ddc044503026"
  integrity sha512-fNVRE7ufJiAA3XUrha2omTA39M6IXIc6GIZLvlbsm8QOQCYvpq/LkMNGyFlB1d8hTDzsAXa3OKtybdMAYsV/fw==
  dependencies:
    "@octokit/types" "^16.0.0"

"@octokit/plugin-rest-endpoint-methods@^17.0.0":
  version "17.0.0"
  resolved "https://registry.yarnpkg.com/@octokit/plugin-rest-endpoint-methods/-/plugin-rest-endpoint-methods-17.0.0.tgz#8c54397d3a4060356a1c8a974191ebf945924105"
  integrity sha512-B5yCyIlOJFPqUUeiD0cnBJwWJO8lkJs5d8+ze9QDP6SvfiXSz1BF+91+0MeI1d2yxgOhU/O+CvtiZ9jSkHhFAw==
  dependencies:
    "@octokit/types" "^16.0.0"

"@octokit/request-error@^7.0.2", "@octokit/request-error@^7.1.0":
  version "7.1.0"
  resolved "https://registry.yarnpkg.com/@octokit/request-error/-/request-error-7.1.0.tgz#440fa3cae310466889778f5a222b47a580743638"
  integrity sha512-KMQIfq5sOPpkQYajXHwnhjCC0slzCNScLHs9JafXc4RAJI+9f+jNDlBNaIMTvazOPLgb4BnlhGJOTbnN0wIjPw==
  dependencies:
    "@octokit/types" "^16.0.0"

"@octokit/request@^10.0.6", "@octokit/request@^10.0.7":
  version "10.0.7"
  resolved "https://registry.yarnpkg.com/@octokit/request/-/request-10.0.7.tgz#93f619914c523750a85e7888de983e1009eb03f6"
  integrity sha512-v93h0i1yu4idj8qFPZwjehoJx4j3Ntn+JhXsdJrG9pYaX6j/XRz2RmasMUHtNgQD39nrv/VwTWSqK0RNXR8upA==
  dependencies:
    "@octokit/endpoint" "^11.0.2"
    "@octokit/request-error" "^7.0.2"
    "@octokit/types" "^16.0.0"
    fast-content-type-parse "^3.0.0"
    universal-user-agent "^7.0.2"

"@octokit/types@^16.0.0":
  version "16.0.0"
  resolved "https://registry.yarnpkg.com/@octokit/types/-/types-16.0.0.tgz#fbd7fa590c2ef22af881b1d79758bfaa234dbb7c"
  integrity sha512-sKq+9r1Mm4efXW1FCk7hFSeJo4QKreL/tTbR0rz/qx/r1Oa2VV83LTA/H/MuCOX7uCIJmQVRKBcbmWoySjAnSg==
  dependencies:
    "@octokit/openapi-types" "^27.0.0"

"@types/core-js@2.5.8":
  version "2.5.8"
  resolved "https://registry.yarnpkg.com/@types/core-js/-/core-js-2.5.8.tgz#d5c6ec44f2f3328653dce385ae586bd8261f8e85"
  integrity sha512-VgnAj6tIAhJhZdJ8/IpxdatM8G4OD3VWGlp6xIxUGENZlpbob9Ty4VVdC1FIEp0aK6DBscDDjyzy5FB60TuNqg==

"@types/node@24.12.2":
  version "24.12.2"
  resolved "https://registry.yarnpkg.com/@types/node/-/node-24.12.2.tgz#353cb161dbf1785ea25e8829ba7ec574c5c629ac"
  integrity sha512-A1sre26ke7HDIuY/M23nd9gfB+nrmhtYyMINbjI1zHJxYteKR6qSMX56FsmjMcDb3SMcjJg5BiRRgOCC/yBD0g==
  dependencies:
    undici-types "~7.16.0"

"@vercel/ncc@0.38.4":
  version "0.38.4"
  resolved "https://registry.yarnpkg.com/@vercel/ncc/-/ncc-0.38.4.tgz#e1fb8be9e7ed33bf44c121131d4c6e95f784afac"
  integrity sha512-8LwjnlP39s08C08J5NstzriPvW1SP8Zfpp1BvC2sI35kPeZnHfxVkCwu4/+Wodgnd60UtT1n8K8zw+Mp7J9JmQ==

before-after-hook@^4.0.0:
  version "4.0.0"
  resolved "https://registry.yarnpkg.com/before-after-hook/-/before-after-hook-4.0.0.tgz#cf1447ab9160df6a40f3621da64d6ffc36050cb9"
  integrity sha512-q6tR3RPqIB1pMiTRMFcZwuG5T8vwp+vUvEG0vuI6B+Rikh5BfPp2fQ82c925FOs+b0lcFQ8CFrL+KbilfZFhOQ==

fast-content-type-parse@^3.0.0:
  version "3.0.0"
  resolved "https://registry.yarnpkg.com/fast-content-type-parse/-/fast-content-type-parse-3.0.0.tgz#5590b6c807cc598be125e6740a9fde589d2b7afb"
  integrity sha512-ZvLdcY8P+N8mGQJahJV5G4U88CSvT1rP8ApL6uETe88MBXrBHAkZlSEySdUlyztF7ccb+Znos3TFqaepHxdhBg==

outdent@0.8.0:
  version "0.8.0"
  resolved "https://registry.yarnpkg.com/outdent/-/outdent-0.8.0.tgz#2ebc3e77bf49912543f1008100ff8e7f44428eb0"
  integrity sha512-KiOAIsdpUTcAXuykya5fnVVT+/5uS0Q1mrkRHcF89tpieSmY33O/tmc54CqwA+bfhbtEfZUNLHaPUiB9X3jt1A==

string-argv@0.3.2:
  version "0.3.2"
  resolved "https://registry.yarnpkg.com/string-argv/-/string-argv-0.3.2.tgz#2b6d0ef24b656274d957d54e0a4bbf6153dc02b6"
  integrity sha512-aqD2Q0144Z+/RqG52NeHEkZauTAUWJO8c6yTftGJKO3Tja5tUgIfmIl6kExvhtxSDP7fXB6DvzkfMpCd/F3G+Q==

tunnel@^0.0.6:
  version "0.0.6"
  resolved "https://registry.yarnpkg.com/tunnel/-/tunnel-0.0.6.tgz#72f1314b34a5b192db012324df2cc587ca47f92c"
  integrity sha512-1h/Lnq9yajKY2PEbBadPXj3VxsDDu844OnaAo52UVmIzIvwwtBPIuNvkjuzBlTWpfJyUbG3ez0KSBibQkj4ojg==

typescript@6.0.3:
  version "6.0.3"
  resolved "https://registry.yarnpkg.com/typescript/-/typescript-6.0.3.tgz#90251dc007916e972786cb94d74d15b185577d21"
  integrity sha512-y2TvuxSZPDyQakkFRPZHKFm+KKVqIisdg9/CZwm9ftvKXLP8NRWj38/ODjNbr43SsoXqNuAisEf1GdCxqWcdBw==

undici-types@~7.16.0:
  version "7.16.0"
  resolved "https://registry.yarnpkg.com/undici-types/-/undici-types-7.16.0.tgz#ffccdff36aea4884cbfce9a750a0580224f58a46"
  integrity sha512-Zz+aZWSj8LE6zoxD+xrjh4VfkIG8Ya6LvYkZqtUQGJPZjYl53ypCaUwWqo7eI0x66KBGeRo+mlBEkMSeSZ38Nw==

undici@^6.23.0:
  version "6.23.0"
  resolved "https://registry.yarnpkg.com/undici/-/undici-6.23.0.tgz#7953087744d9095a96f115de3140ca3828aff3a4"
  integrity sha512-VfQPToRA5FZs/qJxLIinmU59u0r7LXqoJkCzinq3ckNJp3vKEh7jTWN589YQ5+aoAC/TGRLyJLCPKcLQbM8r9g==

universal-user-agent@^7.0.0, universal-user-agent@^7.0.2:
  version "7.0.3"
  resolved "https://registry.yarnpkg.com/universal-user-agent/-/universal-user-agent-7.0.3.tgz#c05870a58125a2dc00431f2df815a77fe69736be"
  integrity sha512-TmnEAEAsBJVZM/AADELsK76llnwcf9vMKuPz8JflO1frO8Lchitr0fNaN9d+Ap0BjKtqWqd/J17qeDnXh8CL2A==
