# THIS IS AN AUTOGENERATED FILE. DO NOT EDIT THIS FILE DIRECTLY.
# yarn lockfile v1


"@actions/core@3.0.0":
  version "3.0.0"
  resolved "https://registry.yarnpkg.com/@actions/core/-/core-3.0.0.tgz#89cb07c119e9b46a649ad5f355e77de9b3108cf8"
  integrity sha512-zYt6cz+ivnTmiT/ksRVriMBOiuoUpDCJJlZ5KPl2/FRdvwU3f7MPh9qftvbkXJThragzUZieit2nyHUyw53Seg==
  dependencies:
    "@actions/exec" "^3.0.0"
    "@actions/http-client" "^4.0.0"

"@actions/exec@3.0.0", "@actions/exec@^3.0.0":
  version "3.0.0"
  resolved "https://registry.yarnpkg.com/@actions/exec/-/exec-3.0.0.tgz#8c3464d20f0aa4068707757021d7e3c01a7ee203"
  integrity sha512-6xH/puSoNBXb72VPlZVm7vQ+svQpFyA96qdDBvhB8eNZOE8LtPf9L4oAsfzK/crCL8YZ+19fKYVnM63Sl+Xzlw==
  dependencies:
    "@actions/io" "^3.0.2"

"@actions/github@9.0.0":
  version "9.0.0"
  resolved "https://registry.yarnpkg.com/@actions/github/-/github-9.0.0.tgz#c86dae4128b2a6987271e2663bee9e766464840a"
  integrity sha512-yJ0RoswsAaKcvkmpCE4XxBRiy/whH2SdTBHWzs0gi4wkqTDhXMChjSdqBz/F4AeiDlP28rQqL33iHb+kjAMX6w==
  dependencies:
    "@actions/http-client" "^3.0.2"
    "@octokit/core" "^7.0.6"
    "@octokit/plugin-paginate-rest" "^14.0.0"
    "@octokit/plugin-rest-endpoint-methods" "^17.0.0"
    "@octokit/request" "^10.0.7"
    "@octokit/request-error" "^7.1.0"
    undici "^6.23.0"

"@actions/http-client@^3.0.2":
  version "3.0.2"
  resolved "https://registry.yarnpkg.com/@actions/http-client/-/http-client-3.0.2.tgz#3db9c83af9d29d51ac8c30b45bc17f7014beb1b2"
  integrity sha512-JP38FYYpyqvUsz+Igqlc/JG6YO9PaKuvqjM3iGvaLqFnJ7TFmcLyy2IDrY0bI0qCQug8E9K+elv5ZNfw62ZJzA==
  dependencies:
    tunnel "^0.0.6"
    undici "^6.23.0"

"@actions/http-client@^4.0.0":
  version "4.0.0"
  resolved "https://registry.yarnpkg.com/@actions/http-client/-/http-client-4.0.0.tgz#f9754133c22802466482bf96321d42f2dba1fc82"
  integrity sha512-QuwPsgVMsD6qaPD57GLZi9sqzAZCtiJT8kVBCDpLtxhL5MydQ4gS+DrejtZZPdIYyB1e95uCK9Luyds7ybHI3g==
  dependencies:
    tunnel "^0.0.6"
    undici "^6.23.0"

"@actions/io@^3.0.2":
  version "3.0.2"
  resolved "https://registry.yarnpkg.com/@actions/io/-/io-3.0.2.tgz#6f89b27a159d109836d983efa283997c23b92284"
  integrity sha512-nRBchcMM+QK1pdjO7/idu86rbJI5YHUKCvKs0KxnSYbVe3F51UfGxuZX4Qy/fWlp6l7gWFwIkrOzN+oUK03kfw==

"@biomejs/biome@2.4.9":
  version "2.4.9"
  resolved "https://registry.yarnpkg.com/@biomejs/biome/-/biome-2.4.9.tgz#bb08645962f43e45c86a1f695393065bdbe3409b"
  integrity sha512-wvZW92FrwitTcacvCBT8xdAbfbxWfDLwjYMmU3djjqQTh7Ni4ZdiWIT/x5VcZ+RQuxiKzIOzi5D+dcyJDFZMsA==
  optionalDependencies:
    "@biomejs/cli-darwin-arm64" "2.4.9"
    "@biomejs/cli-darwin-x64" "2.4.9"
    "@biomejs/cli-linux-arm64" "2.4.9"
    "@biomejs/cli-linux-arm64-musl" "2.4.9"
    "@biomejs/cli-linux-x64" "2.4.9"
    "@biomejs/cli-linux-x64-musl" "2.4.9"
    "@biomejs/cli-win32-arm64" "2.4.9"
    "@biomejs/cli-win32-x64" "2.4.9"

"@biomejs/cli-darwin-arm64@2.4.9":
  version "2.4.9"
  resolved "https://registry.yarnpkg.com/@biomejs/cli-darwin-arm64/-/cli-darwin-arm64-2.4.9.tgz#530047a71e7af0a2c7b841b739640701466be407"
  integrity sha512-d5G8Gf2RpH5pYwiHLPA+UpG3G9TLQu4WM+VK6sfL7K68AmhcEQ9r+nkj/DvR/GYhYox6twsHUtmWWWIKfcfQQA==

"@biomejs/cli-darwin-x64@2.4.9":
  version "2.4.9"
  resolved "https://registry.yarnpkg.com/@biomejs/cli-darwin-x64/-/cli-darwin-x64-2.4.9.tgz#9c33f16413007e6bb15e1a933e95fdb219737a34"
  integrity sha512-LNCLNgqDMG7BLdc3a8aY/dwKPK7+R8/JXJoXjCvZh2gx8KseqBdFDKbhrr7HCWF8SzNhbTaALhTBoh/I6rf9lA==

"@biomejs/cli-linux-arm64-musl@2.4.9":
  version "2.4.9"
  resolved "https://registry.yarnpkg.com/@biomejs/cli-linux-arm64-musl/-/cli-linux-arm64-musl-2.4.9.tgz#5ac8b95066f27303ec67db28a28a27f733c1bece"
  integrity sha512-8RCww5xnPn2wpK4L/QDGDOW0dq80uVWfppPxHIUg6mOs9B6gRmqPp32h1Ls3T8GnW8Wo5A8u7vpTwz4fExN+sw==

"@biomejs/cli-linux-arm64@2.4.9":
  version "2.4.9"
  resolved "https://registry.yarnpkg.com/@biomejs/cli-linux-arm64/-/cli-linux-arm64-2.4.9.tgz#212ce65a0257e5426f3d76ce64bc1eb948b7430f"
  integrity sha512-4adnkAUi6K4C/emPRgYznMOcLlUqZdXWM6aIui4VP4LraE764g6Q4YguygnAUoxKjKIXIWPteKMgRbN0wsgwcg==

"@biomejs/cli-linux-x64-musl@2.4.9":
  version "2.4.9"
  resolved "https://registry.yarnpkg.com/@biomejs/cli-linux-x64-musl/-/cli-linux-x64-musl-2.4.9.tgz#9320d57d4b7e19e4a626c5374859c237a423c433"
  integrity sha512-5TD+WS9v5vzXKzjetF0hgoaNFHMcpQeBUwKKVi3JbG1e9UCrFuUK3Gt185fyTzvRdwYkJJEMqglRPjmesmVv4A==

"@biomejs/cli-linux-x64@2.4.9":
  version "2.4.9"
  resolved "https://registry.yarnpkg.com/@biomejs/cli-linux-x64/-/cli-linux-x64-2.4.9.tgz#04de18a92aa523c7bad67ed30670a065bf56d2bc"
  integrity sha512-L10na7POF0Ks/cgLFNF1ZvIe+X4onLkTi5oP9hY+Rh60Q+7fWzKDDCeGyiHUFf1nGIa9dQOOUPGe2MyYg8nMSQ==

"@biomejs/cli-win32-arm64@2.4.9":
  version "2.4.9"
  resolved "https://registry.yarnpkg.com/@biomejs/cli-win32-arm64/-/cli-win32-arm64-2.4.9.tgz#ee25e827490a0813b643d86ff705831aa5e7b315"
  integrity sha512-aDZr0RBC3sMGJOU10BvG7eZIlWLK/i51HRIfScE2lVhfts2dQTreowLiJJd+UYg/tHKxS470IbzpuKmd0MiD6g==

"@biomejs/cli-win32-x64@2.4.9":
  version "2.4.9"
  resolved "https://registry.yarnpkg.com/@biomejs/cli-win32-x64/-/cli-win32-x64-2.4.9.tgz#f4b58d82c3221e36f51ce415b1b72fb4f2eb3478"
  integrity sha512-NS4g/2G9SoQ4ktKtz31pvyc/rmgzlcIDCGU/zWbmHJAqx6gcRj2gj5Q/guXhoWTzCUaQZDIqiCQXHS7BcGYc0w==

"@octokit/auth-token@^6.0.0":
  version "6.0.0"
  resolved "https://registry.yarnpkg.com/@octokit/auth-token/-/auth-token-6.0.0.tgz#b02e9c08a2d8937df09a2a981f226ad219174c53"
  integrity sha512-P4YJBPdPSpWTQ1NU4XYdvHvXJJDxM6YwpS0FZHRgP7YFkdVxsWcpWGy/NVqlAA7PcPCnMacXlRm1y2PFZRWL/w==

"@octokit/core@^7.0.6":
  version "7.0.6"
  resolved "https://registry.yarnpkg.com/@octokit/core/-/core-7.0.6.tgz#0d58704391c6b681dec1117240ea4d2a98ac3916"
  integrity sha512-DhGl4xMVFGVIyMwswXeyzdL4uXD5OGILGX5N8Y+f6W7LhC1Ze2poSNrkF/fedpVDHEEZ+PHFW0vL14I+mm8K3Q==
  dependencies:
    "@octokit/auth-token" "^6.0.0"
    "@octokit/graphql" "^9.0.3"
    "@octokit/request" "^10.0.6"
    "@octokit/request-error" "^7.0.2"
    "@octokit/types" "^16.0.0"
    before-after-hook "^4.0.0"
    universal-user-agent "^7.0.0"

"@octokit/endpoint@^11.0.2":
  version "11.0.2"
  resolved "https://registry.yarnpkg.com/@octokit/endpoint/-/endpoint-11.0.2.tgz#a8d955e053a244938b81d86cd73efd2dcb5ef5af"
  integrity sha512-4zCpzP1fWc7QlqunZ5bSEjxc6yLAlRTnDwKtgXfcI/FxxGoqedDG8V2+xJ60bV2kODqcGB+nATdtap/XYq2NZQ==
  dependencies:
    "@octokit/types" "^16.0.0"
    universal-user-agent "^7.0.2"

"@octokit/graphql@^9.0.3":
  version "9.0.3"
  resolved "https://registry.yarnpkg.com/@octokit/graphql/-/graphql-9.0.3.tgz#5b8341c225909e924b466705c13477face869456"
  integrity sha512-grAEuupr/C1rALFnXTv6ZQhFuL1D8G5y8CN04RgrO4FIPMrtm+mcZzFG7dcBm+nq+1ppNixu+Jd78aeJOYxlGA==
  dependencies:
    "@octokit/request" "^10.0.6"
    "@octokit/types" "^16.0.0"
    universal-user-agent "^7.0.0"

"@octokit/openapi-types@^27.0.0":
  version "27.0.0"
  resolved "https://registry.yarnpkg.com/@octokit/openapi-types/-/openapi-types-27.0.0.tgz#374ea53781965fd02a9d36cacb97e152cefff12d"
  integrity sha512-whrdktVs1h6gtR+09+QsNk2+FO+49j6ga1c55YZudfEG+oKJVvJLQi3zkOm5JjiUXAagWK2tI2kTGKJ2Ys7MGA==

"@octokit/plugin-paginate-rest@^14.0.0":
  version "14.0.0"
  resolved "https://registry.yarnpkg.com/@octokit/plugin-paginate-rest/-/plugin-paginate-rest-14.0.0.tgz#44dc9fff2dacb148d4c5c788b573ddc044503026"
  integrity sha512-fNVRE7ufJiAA3XUrha2omTA39M6IXIc6GIZLvlbsm8QOQCYvpq/LkMNGyFlB1d8hTDzsAXa3OKtybdMAYsV/fw==
  dependencies:
    "@octokit/types" "^16.0.0"

"@octokit/plugin-rest-endpoint-methods@^17.0.0":
  version "17.0.0"
  resolved "https://registry.yarnpkg.com/@octokit/plugin-rest-endpoint-methods/-/plugin-rest-endpoint-methods-17.0.0.tgz#8c54397d3a4060356a1c8a974191ebf945924105"
  integrity sha512-B5yCyIlOJFPqUUeiD0cnBJwWJO8lkJs5d8+ze9QDP6SvfiXSz1BF+91+0MeI1d2yxgOhU/O+CvtiZ9jSkHhFAw==
  dependencies:
    "@octokit/types" "^16.0.0"

"@octokit/request-error@^7.0.2", "@octokit/request-error@^7.1.0":
  version "7.1.0"
  resolved "https://registry.yarnpkg.com/@octokit/request-error/-/request-error-7.1.0.tgz#440fa3cae310466889778f5a222b47a580743638"
  integrity sha512-KMQIfq5sOPpkQYajXHwnhjCC0slzCNScLHs9JafXc4RAJI+9f+jNDlBNaIMTvazOPLgb4BnlhGJOTbnN0wIjPw==
  dependencies:
    "@octokit/types" "^16.0.0"

"@octokit/request@^10.0.6", "@octokit/request@^10.0.7":
  version "10.0.7"
  resolved "https://registry.yarnpkg.com/@octokit/request/-/request-10.0.7.tgz#93f619914c523750a85e7888de983e1009eb03f6"
  integrity sha512-v93h0i1yu4idj8qFPZwjehoJx4j3Ntn+JhXsdJrG9pYaX6j/XRz2RmasMUHtNgQD39nrv/VwTWSqK0RNXR8upA==
  dependencies:
    "@octokit/endpoint" "^11.0.2"
    "@octokit/request-error" "^7.0.2"
    "@octokit/types" "^16.0.0"
    fast-content-type-parse "^3.0.0"
    universal-user-agent "^7.0.2"

"@octokit/types@^16.0.0":
  version "16.0.0"
  resolved "https://registry.yarnpkg.com/@octokit/types/-/types-16.0.0.tgz#fbd7fa590c2ef22af881b1d79758bfaa234dbb7c"
  integrity sha512-sKq+9r1Mm4efXW1FCk7hFSeJo4QKreL/tTbR0rz/qx/r1Oa2VV83LTA/H/MuCOX7uCIJmQVRKBcbmWoySjAnSg==
  dependencies:
    "@octokit/openapi-types" "^27.0.0"

"@types/core-js@2.5.8":
  version "2.5.8"
  resolved "https://registry.yarnpkg.com/@types/core-js/-/core-js-2.5.8.tgz#d5c6ec44f2f3328653dce385ae586bd8261f8e85"
  integrity sha512-VgnAj6tIAhJhZdJ8/IpxdatM8G4OD3VWGlp6xIxUGENZlpbob9Ty4VVdC1FIEp0aK6DBscDDjyzy5FB60TuNqg==

"@types/node@24.12.0":
  version "24.12.0"
  resolved "https://registry.yarnpkg.com/@types/node/-/node-24.12.0.tgz#6222e028210e5322e4f4f6767f8d88e5ea3b33d2"
  integrity sha512-GYDxsZi3ChgmckRT9HPU0WEhKLP08ev/Yfcq2AstjrDASOYCSXeyjDsHg4v5t4jOj7cyDX3vmprafKlWIG9MXQ==
  dependencies:
    undici-types "~7.16.0"

"@vercel/ncc@0.38.4":
  version "0.38.4"
  resolved "https://registry.yarnpkg.com/@vercel/ncc/-/ncc-0.38.4.tgz#e1fb8be9e7ed33bf44c121131d4c6e95f784afac"
  integrity sha512-8LwjnlP39s08C08J5NstzriPvW1SP8Zfpp1BvC2sI35kPeZnHfxVkCwu4/+Wodgnd60UtT1n8K8zw+Mp7J9JmQ==

before-after-hook@^4.0.0:
  version "4.0.0"
  resolved "https://registry.yarnpkg.com/before-after-hook/-/before-after-hook-4.0.0.tgz#cf1447ab9160df6a40f3621da64d6ffc36050cb9"
  integrity sha512-q6tR3RPqIB1pMiTRMFcZwuG5T8vwp+vUvEG0vuI6B+Rikh5BfPp2fQ82c925FOs+b0lcFQ8CFrL+KbilfZFhOQ==

fast-content-type-parse@^3.0.0:
  version "3.0.0"
  resolved "https://registry.yarnpkg.com/fast-content-type-parse/-/fast-content-type-parse-3.0.0.tgz#5590b6c807cc598be125e6740a9fde589d2b7afb"
  integrity sha512-ZvLdcY8P+N8mGQJahJV5G4U88CSvT1rP8ApL6uETe88MBXrBHAkZlSEySdUlyztF7ccb+Znos3TFqaepHxdhBg==

outdent@0.8.0:
  version "0.8.0"
  resolved "https://registry.yarnpkg.com/outdent/-/outdent-0.8.0.tgz#2ebc3e77bf49912543f1008100ff8e7f44428eb0"
  integrity sha512-KiOAIsdpUTcAXuykya5fnVVT+/5uS0Q1mrkRHcF89tpieSmY33O/tmc54CqwA+bfhbtEfZUNLHaPUiB9X3jt1A==

string-argv@0.3.2:
  version "0.3.2"
  resolved "https://registry.yarnpkg.com/string-argv/-/string-argv-0.3.2.tgz#2b6d0ef24b656274d957d54e0a4bbf6153dc02b6"
  integrity sha512-aqD2Q0144Z+/RqG52NeHEkZauTAUWJO8c6yTftGJKO3Tja5tUgIfmIl6kExvhtxSDP7fXB6DvzkfMpCd/F3G+Q==

tunnel@^0.0.6:
  version "0.0.6"
  resolved "https://registry.yarnpkg.com/tunnel/-/tunnel-0.0.6.tgz#72f1314b34a5b192db012324df2cc587ca47f92c"
  integrity sha512-1h/Lnq9yajKY2PEbBadPXj3VxsDDu844OnaAo52UVmIzIvwwtBPIuNvkjuzBlTWpfJyUbG3ez0KSBibQkj4ojg==

typescript@6.0.2:
  version "6.0.2"
  resolved "https://registry.yarnpkg.com/typescript/-/typescript-6.0.2.tgz#0b1bfb15f68c64b97032f3d78abbf98bdbba501f"
  integrity sha512-bGdAIrZ0wiGDo5l8c++HWtbaNCWTS4UTv7RaTH/ThVIgjkveJt83m74bBHMJkuCbslY8ixgLBVZJIOiQlQTjfQ==

undici-types@~7.16.0:
  version "7.16.0"
  resolved "https://registry.yarnpkg.com/undici-types/-/undici-types-7.16.0.tgz#ffccdff36aea4884cbfce9a750a0580224f58a46"
  integrity sha512-Zz+aZWSj8LE6zoxD+xrjh4VfkIG8Ya6LvYkZqtUQGJPZjYl53ypCaUwWqo7eI0x66KBGeRo+mlBEkMSeSZ38Nw==

undici@^6.23.0:
  version "6.23.0"
  resolved "https://registry.yarnpkg.com/undici/-/undici-6.23.0.tgz#7953087744d9095a96f115de3140ca3828aff3a4"
  integrity sha512-VfQPToRA5FZs/qJxLIinmU59u0r7LXqoJkCzinq3ckNJp3vKEh7jTWN589YQ5+aoAC/TGRLyJLCPKcLQbM8r9g==

universal-user-agent@^7.0.0, universal-user-agent@^7.0.2:
  version "7.0.3"
  resolved "https://registry.yarnpkg.com/universal-user-agent/-/universal-user-agent-7.0.3.tgz#c05870a58125a2dc00431f2df815a77fe69736be"
  integrity sha512-TmnEAEAsBJVZM/AADELsK76llnwcf9vMKuPz8JflO1frO8Lchitr0fNaN9d+Ap0BjKtqWqd/J17qeDnXh8CL2A==
